{
    "version": "0.5",
    "requires": [
        "zstd/1.5.5#a4398ab5244b10fb081eeac217b5ef9f%1771481189.552",
        "zlib/1.3.1#b8bc2603263cf7eccbd6e17e66b0ed76%1768277113.121",
        "xz_utils/5.4.5#b885d1d79c9d30cff3803f7f551dbe66%1771481180.561",
        "xtl/0.8.0#45f1f2f2e5cbff154b59a57dbd6efb55%1771481176.575",
        "xtensor/0.26.0#929fed688e0b3e850106059bf3782e81%1771481172.666",
        "xsimd/13.2.0#b4819b06b51041b1cd32114700adbb59%1771481168.765",
        "viam-cpp-sdk/0.31.0#cf7dfeb145f47e13d4303c59858a2df9%1772491567.405",
        "re2/20230301#dfd6e2bf050eb90ddd8729cfb4c844a4%1771481116.89",
        "protobuf/5.27.0#99c5d5f87d1eea580a2234238020821b%1769627248.775",
        "openssl/3.6.0#89e8af1d4a21afcac0557079d23d8890%1767915580.78",
        "nlohmann_json/3.11.3#45828be26eb619a2e04ca517bb7b828d%1771481037.765",
        "lz4/1.9.4#4ed63aa8e019d795cd3b8c0d2dd66cda%1767915494.874",
        "libzip/1.11.1#9e98ce11cd062e1687ee1f17404e8105%1771481004.749",
        "libusb/1.0.26#460e9b0848bf0a2cf80214116d717dc0%1771480986.282",
        "libudev/system#6aaa8ab03cabc6f3131bac21b7ce1e8a%1771480982.91",
        "librealsense/2.57.7#a2bf5dda425f60a205062c29dfb50a88%1776544567.211",
        "libjpeg-turbo/2.1.5#3c1b164ff9640f77b93b29ce78b275c1%1771480815.552",
        "libiconv/1.17#1e65319e945f2d31941a9d28cc13c058%1767915472.238",
        "libcurl/8.9.1#ff74a2d353fcf9afd372370dcaebb66a%1771480809.633",
        "libbacktrace/cci.20210118#a7691bfccd8caaf66309df196790a5a1%1767915403.378",
        "grpc/1.72.0#716982a6240893b25ccedd8de6108462%1769627228.784",
        "c-ares/1.34.6#545240bb1c40e2cacd4362d6b8967650%1770059815.568",
        "bzip2/1.0.8#00b4a4658791c1f06914e087f0e792f5%1768277099.91",
        "boost/1.91.0#ea540ca2133d831b560036aa24dece3c%1779143123.044",
        "abseil/20250127.0#faefa3bbf31b5c32933e328d72e42cfe%1771480555.401"
    ],
    "build_requires": [
        "zlib/1.3.1#b8bc2603263cf7eccbd6e17e66b0ed76%1768277113.121",
        "re2/20230301#dfd6e2bf050eb90ddd8729cfb4c844a4%1771481116.89",
        "protobuf/5.27.0#99c5d5f87d1eea580a2234238020821b%1769627248.775",
        "pkgconf/2.2.0#4ac315b50ef734072b00ff3aacbf52bf%1771481078.167",
        "openssl/3.6.0#89e8af1d4a21afcac0557079d23d8890%1767915580.78",
        "ninja/1.13.1#294f8721dbcde145674f7ba44994700e%1771481033.733",
        "nasm/2.15.05#f7d6a6f3b14f583e001d9ae84e8cd152%1771481029.225",
        "meson/1.9.1#abbc783cd297bedce14581b4aec060b8%1771481027.513",
        "m4/1.4.19#b38ced39a01e31fef5435bc634461fd2%1771481017.317",
        "libtool/2.4.7#14e7739cc128bc1623d2ed318008e47e%1771480978.134",
        "grpc/1.72.0#716982a6240893b25ccedd8de6108462%1769627228.784",
        "gnu-config/cci.20210814#69fde734e1a46fd1655b4af46ab40945%1771480669.538",
        "cmake/4.1.2#71e7d1fe41e6c644d602c7e4bdbac291%1771480663.25",
        "cmake/3.31.9#2032c6471fe4f5a3e17f65fed518d545%1771480640.424",
        "c-ares/1.34.6#545240bb1c40e2cacd4362d6b8967650%1770059815.568",
        "b2/5.3.3#107c15377719889654eb9a162a673975%1771480590.965",
        "automake/1.16.5#b91b7c384c3deaa9d535be02da14d04f%1771480585.75",
        "autoconf/2.71#51077f068e61700d65bb05541ea1e4b0%1771480580.299",
        "abseil/20250127.0#faefa3bbf31b5c32933e328d72e42cfe%1771480555.401"
    ],
    "python_requires": [],
    "overrides": {
        "xtensor/[>=0.24.3 <0.27.0]": [
            "xtensor/0.26.0"
        ],
        "grpc/[>=1.48.4]": [
            "grpc/1.72.0"
        ],
        "protobuf/[>=3.17.1 <6.30.0]": [
            "protobuf/5.27.0"
        ],
        "xtensor/[>=0.24.3]": [
            "xtensor/0.26.0",
            "xtensor/[>=0.24.3 <0.27.0]"
        ],
        "protobuf/5.27.0": [
            null,
            "protobuf/5.27.0"
        ],
        "zlib/[>=1.2.11 <2]": [
            "zlib/1.3.1#b8bc2603263cf7eccbd6e17e66b0ed76"
        ],
        "abseil/[>=20240116.1 <=20250127.0]": [
            "abseil/20250127.0#faefa3bbf31b5c32933e328d72e42cfe"
        ],
        "openssl/[>=1.1 <4]": [
            "openssl/3.6.0"
        ],
        "re2/20230301": [
            null,
            "re2/20230301"
        ],
        "abseil/[>=20230802.1 <=20250127.0]": [
            "abseil/20250127.0#faefa3bbf31b5c32933e328d72e42cfe"
        ]
    },
    "config_requires": []
}
